github.com/sebinbabu/zostate v0.0.0-20210804230012-3bd19c9f5fc2 h1:KSFgdVOcJ6PDo0LmXZMRHkLY4YFC23jaEifWPJNLi3Q=
github.com/sebinbabu/zostate v0.0.0-20210804230012-3bd19c9f5fc2/go.mod h1:P86JodYmuyjqcrOk74OiPzJv6rYeILp1zHu9wuIS9gs=
github.com/sebinbabu/zostate v0.0.0-20210804230112-df3b7175a653 h1:w7B+WC8I2jZuzDQz4EruPdknm/GCtthvpTZZ66WxXFY=
github.com/sebinbabu/zostate v0.0.0-20210804230112-df3b7175a653/go.mod h1:P86JodYmuyjqcrOk74OiPzJv6rYeILp1zHu9wuIS9gs=
